{
  "version": 4,
  "terraform_version": "1.11.4",
  "serial": 26,
  "lineage": "e79e9891-04f3-5790-d4dd-4f3b0d20e678",
  "outputs": {
    "dynamodb_table_arn": {
      "value": "arn:aws:dynamodb:us-east-2:812386189199:table/hotel-reservations-dev-reservations",
      "type": "string"
    },
    "dynamodb_table_name": {
      "value": "hotel-reservations-dev-reservations",
      "type": "string"
    },
    "lambda_function_arn": {
      "value": "arn:aws:lambda:us-east-2:812386189199:function:hotel-reservations-dev-process-reservation",
      "type": "string"
    },
    "lambda_function_name": {
      "value": "hotel-reservations-dev-process-reservation",
      "type": "string"
    },
    "lambda_invoke_arn": {
      "value": "arn:aws:apigateway:us-east-2:lambda:path/2015-03-31/functions/arn:aws:lambda:us-east-2:812386189199:function:hotel-reservations-dev-process-reservation/invocations",
      "type": "string"
    }
  },
  "resources": [
    {
      "mode": "data",
      "type": "archive_file",
      "name": "lambda_zip",
      "provider": "provider[\"registry.terraform.io/hashicorp/archive\"]",
      "instances": [
        {
          "schema_version": 0,
          "attributes": {
            "exclude_symlink_directories": null,
            "excludes": null,
            "id": "372746d71013397915510caa672e9b51022aab5b",
            "output_base64sha256": "zHRgcof/jLAlxmsiJtKMHQIsNXmMkBTZc/bgEbPL6MA=",
            "output_base64sha512": "J4SrhEw6mmY/lr9v5GZNIGypS4uFiGznDJRhrBNaYv/6dx8FdlERXRx4NEajVR2gARod5O2oItDnP62q6FLn1Q==",
            "output_file_mode": null,
            "output_md5": "4e8bce9366baf8af25de9ba3faad3cd4",
            "output_path": "./bin/reservas.zip",
            "output_sha": "372746d71013397915510caa672e9b51022aab5b",
            "output_sha256": "cc74607287ff8cb025c66b2226d28c1d022c35798c9014d973f6e011b3cbe8c0",
            "output_sha512": "2784ab844c3a9a663f96bf6fe4664d206ca94b8b85886ce70c9461ac135a62fffa771f057651115d1c783446a3551da0011a1de4eda822d0e73fadaae852e7d5",
            "output_size": 1601,
            "source": [],
            "source_content": null,
            "source_content_filename": null,
            "source_dir": "./../reserva",
            "source_file": null,
            "type": "zip"
          },
          "sensitive_attributes": []
        }
      ]
    },
    {
      "mode": "managed",
      "type": "aws_cloudwatch_log_group",
      "name": "lambda_logs",
      "provider": "provider[\"registry.terraform.io/hashicorp/aws\"]",
      "instances": [
        {
          "schema_version": 0,
          "attributes": {
            "arn": "arn:aws:logs:us-east-2:812386189199:log-group:/aws/lambda/hotel-reservations-dev-process-reservation",
            "id": "/aws/lambda/hotel-reservations-dev-process-reservation",
            "kms_key_id": "",
            "log_group_class": "STANDARD",
            "name": "/aws/lambda/hotel-reservations-dev-process-reservation",
            "name_prefix": "",
            "retention_in_days": 30,
            "skip_destroy": false,
            "tags": {
              "Environment": "dev",
              "ManagedBy": "Terraform",
              "Project": "hotel-reservations"
            },
            "tags_all": {
              "Environment": "dev",
              "ManagedBy": "Terraform",
              "Project": "hotel-reservations"
            }
          },
          "sensitive_attributes": [],
          "private": "bnVsbA==",
          "dependencies": [
            "aws_dynamodb_table.reservations",
            "aws_iam_role.lambda_role",
            "aws_lambda_function.process_reservation",
            "data.archive_file.lambda_zip"
          ]
        }
      ]
    },
    {
      "mode": "managed",
      "type": "aws_dynamodb_table",
      "name": "reservations",
      "provider": "provider[\"registry.terraform.io/hashicorp/aws\"]",
      "instances": [
        {
          "schema_version": 1,
          "attributes": {
            "arn": "arn:aws:dynamodb:us-east-2:812386189199:table/hotel-reservations-dev-reservations",
            "attribute": [
              {
                "name": "check_in_date",
                "type": "S"
              },
              {
                "name": "email",
                "type": "S"
              },
              {
                "name": "reservation_id",
                "type": "S"
              }
            ],
            "billing_mode": "PAY_PER_REQUEST",
            "deletion_protection_enabled": false,
            "global_secondary_index": [
              {
                "hash_key": "check_in_date",
                "name": "CheckInDateIndex",
                "non_key_attributes": [],
                "on_demand_throughput": [],
                "projection_type": "ALL",
                "range_key": "",
                "read_capacity": 0,
                "write_capacity": 0
              },
              {
                "hash_key": "email",
                "name": "EmailIndex",
                "non_key_attributes": [],
                "on_demand_throughput": [],
                "projection_type": "ALL",
                "range_key": "",
                "read_capacity": 0,
                "write_capacity": 0
              }
            ],
            "hash_key": "reservation_id",
            "id": "hotel-reservations-dev-reservations",
            "import_table": [],
            "local_secondary_index": [],
            "name": "hotel-reservations-dev-reservations",
            "on_demand_throughput": [],
            "point_in_time_recovery": [
              {
                "enabled": true
              }
            ],
            "range_key": "email",
            "read_capacity": 0,
            "replica": [],
            "restore_date_time": null,
            "restore_source_name": null,
            "restore_source_table_arn": null,
            "restore_to_latest_time": null,
            "server_side_encryption": [],
            "stream_arn": "",
            "stream_enabled": false,
            "stream_label": "",
            "stream_view_type": "",
            "table_class": "STANDARD",
            "tags": {
              "Environment": "dev",
              "ManagedBy": "Terraform",
              "Project": "hotel-reservations"
            },
            "tags_all": {
              "Environment": "dev",
              "ManagedBy": "Terraform",
              "Project": "hotel-reservations"
            },
            "timeouts": null,
            "ttl": [
              {
                "attribute_name": "",
                "enabled": false
              }
            ],
            "write_capacity": 0
          },
          "sensitive_attributes": [],
          "private": "eyJlMmJmYjczMC1lY2FhLTExZTYtOGY4OC0zNDM2M2JjN2M0YzAiOnsiY3JlYXRlIjoxODAwMDAwMDAwMDAwLCJkZWxldGUiOjYwMDAwMDAwMDAwMCwidXBkYXRlIjozNjAwMDAwMDAwMDAwfSwic2NoZW1hX3ZlcnNpb24iOiIxIn0="
        }
      ]
    },
    {
      "mode": "managed",
      "type": "aws_iam_policy",
      "name": "lambda_dynamodb_policy",
      "provider": "provider[\"registry.terraform.io/hashicorp/aws\"]",
      "instances": [
        {
          "schema_version": 0,
          "attributes": {
            "arn": "arn:aws:iam::812386189199:policy/hotel-reservations-dev-lambda-dynamodb-policy",
            "attachment_count": 1,
            "description": "Permite a Lambda realizar operaciones en DynamoDB",
            "id": "arn:aws:iam::812386189199:policy/hotel-reservations-dev-lambda-dynamodb-policy",
            "name": "hotel-reservations-dev-lambda-dynamodb-policy",
            "name_prefix": "",
            "path": "/",
            "policy": "{\"Statement\":[{\"Action\":[\"dynamodb:GetItem\",\"dynamodb:PutItem\",\"dynamodb:UpdateItem\",\"dynamodb:DeleteItem\",\"dynamodb:Query\",\"dynamodb:Scan\"],\"Effect\":\"Allow\",\"Resource\":\"arn:aws:dynamodb:us-east-2:812386189199:table/hotel-reservations-dev-reservations\"}],\"Version\":\"2012-10-17\"}",
            "policy_id": "ANPA32JP5P6H6U7DUDAPQ",
            "tags": {},
            "tags_all": {}
          },
          "sensitive_attributes": [],
          "private": "bnVsbA==",
          "dependencies": [
            "aws_dynamodb_table.reservations"
          ]
        }
      ]
    },
    {
      "mode": "managed",
      "type": "aws_iam_policy",
      "name": "lambda_logging_policy",
      "provider": "provider[\"registry.terraform.io/hashicorp/aws\"]",
      "instances": [
        {
          "schema_version": 0,
          "attributes": {
            "arn": "arn:aws:iam::812386189199:policy/hotel-reservations-dev-lambda-logging-policy",
            "attachment_count": 1,
            "description": "Permite a Lambda escribir logs en CloudWatch",
            "id": "arn:aws:iam::812386189199:policy/hotel-reservations-dev-lambda-logging-policy",
            "name": "hotel-reservations-dev-lambda-logging-policy",
            "name_prefix": "",
            "path": "/",
            "policy": "{\"Statement\":[{\"Action\":[\"logs:CreateLogGroup\",\"logs:CreateLogStream\",\"logs:PutLogEvents\"],\"Effect\":\"Allow\",\"Resource\":\"arn:aws:logs:::*\"}],\"Version\":\"2012-10-17\"}",
            "policy_id": "ANPA32JP5P6HUJIEQXCMJ",
            "tags": {},
            "tags_all": {}
          },
          "sensitive_attributes": [],
          "private": "bnVsbA=="
        }
      ]
    },
    {
      "mode": "managed",
      "type": "aws_iam_role",
      "name": "lambda_role",
      "provider": "provider[\"registry.terraform.io/hashicorp/aws\"]",
      "instances": [
        {
          "schema_version": 0,
          "attributes": {
            "arn": "arn:aws:iam::812386189199:role/hotel-reservations-dev-lambda-role",
            "assume_role_policy": "{\"Statement\":[{\"Action\":\"sts:AssumeRole\",\"Effect\":\"Allow\",\"Principal\":{\"Service\":\"lambda.amazonaws.com\"}}],\"Version\":\"2012-10-17\"}",
            "create_date": "2025-05-02T09:48:35Z",
            "description": "",
            "force_detach_policies": false,
            "id": "hotel-reservations-dev-lambda-role",
            "inline_policy": [],
            "managed_policy_arns": [
              "arn:aws:iam::812386189199:policy/hotel-reservations-dev-lambda-dynamodb-policy",
              "arn:aws:iam::812386189199:policy/hotel-reservations-dev-lambda-logging-policy"
            ],
            "max_session_duration": 3600,
            "name": "hotel-reservations-dev-lambda-role",
            "name_prefix": "",
            "path": "/",
            "permissions_boundary": "",
            "tags": {
              "Environment": "dev",
              "ManagedBy": "Terraform",
              "Project": "hotel-reservations"
            },
            "tags_all": {
              "Environment": "dev",
              "ManagedBy": "Terraform",
              "Project": "hotel-reservations"
            },
            "unique_id": "AROA32JP5P6H6FWZXHPFA"
          },
          "sensitive_attributes": [],
          "private": "bnVsbA=="
        }
      ]
    },
    {
      "mode": "managed",
      "type": "aws_iam_role_policy_attachment",
      "name": "lambda_dynamodb",
      "provider": "provider[\"registry.terraform.io/hashicorp/aws\"]",
      "instances": [
        {
          "schema_version": 0,
          "attributes": {
            "id": "hotel-reservations-dev-lambda-role-20250503010824890800000001",
            "policy_arn": "arn:aws:iam::812386189199:policy/hotel-reservations-dev-lambda-dynamodb-policy",
            "role": "hotel-reservations-dev-lambda-role"
          },
          "sensitive_attributes": [],
          "private": "bnVsbA==",
          "dependencies": [
            "aws_dynamodb_table.reservations",
            "aws_iam_policy.lambda_dynamodb_policy",
            "aws_iam_role.lambda_role"
          ]
        }
      ]
    },
    {
      "mode": "managed",
      "type": "aws_iam_role_policy_attachment",
      "name": "lambda_logs",
      "provider": "provider[\"registry.terraform.io/hashicorp/aws\"]",
      "instances": [
        {
          "schema_version": 0,
          "attributes": {
            "id": "hotel-reservations-dev-lambda-role-20250502160304704000000001",
            "policy_arn": "arn:aws:iam::812386189199:policy/hotel-reservations-dev-lambda-logging-policy",
            "role": "hotel-reservations-dev-lambda-role"
          },
          "sensitive_attributes": [],
          "private": "bnVsbA==",
          "dependencies": [
            "aws_iam_policy.lambda_logging_policy",
            "aws_iam_role.lambda_role"
          ]
        }
      ]
    },
    {
      "mode": "managed",
      "type": "aws_lambda_function",
      "name": "process_reservation",
      "provider": "provider[\"registry.terraform.io/hashicorp/aws\"]",
      "instances": [
        {
          "schema_version": 0,
          "attributes": {
            "architectures": [
              "x86_64"
            ],
            "arn": "arn:aws:lambda:us-east-2:812386189199:function:hotel-reservations-dev-process-reservation",
            "code_sha256": "zHRgcof/jLAlxmsiJtKMHQIsNXmMkBTZc/bgEbPL6MA=",
            "code_signing_config_arn": "",
            "dead_letter_config": [],
            "description": "",
            "environment": [
              {
                "variables": {
                  "DYNAMODB_TABLE": "hotel-reservations-dev-reservations",
                  "ENVIRONMENT": "dev"
                }
              }
            ],
            "ephemeral_storage": [
              {
                "size": 512
              }
            ],
            "file_system_config": [],
            "filename": "./bin/reservas.zip",
            "function_name": "hotel-reservations-dev-process-reservation",
            "handler": "index.handler",
            "id": "hotel-reservations-dev-process-reservation",
            "image_config": [],
            "image_uri": "",
            "invoke_arn": "arn:aws:apigateway:us-east-2:lambda:path/2015-03-31/functions/arn:aws:lambda:us-east-2:812386189199:function:hotel-reservations-dev-process-reservation/invocations",
            "kms_key_arn": "",
            "last_modified": "2025-05-03T01:08:30.000+0000",
            "layers": [],
            "logging_config": [
              {
                "application_log_level": "",
                "log_format": "Text",
                "log_group": "/aws/lambda/hotel-reservations-dev-process-reservation",
                "system_log_level": ""
              }
            ],
            "memory_size": 256,
            "package_type": "Zip",
            "publish": false,
            "qualified_arn": "arn:aws:lambda:us-east-2:812386189199:function:hotel-reservations-dev-process-reservation:$LATEST",
            "qualified_invoke_arn": "arn:aws:apigateway:us-east-2:lambda:path/2015-03-31/functions/arn:aws:lambda:us-east-2:812386189199:function:hotel-reservations-dev-process-reservation:$LATEST/invocations",
            "replace_security_groups_on_destroy": null,
            "replacement_security_group_ids": null,
            "reserved_concurrent_executions": -1,
            "role": "arn:aws:iam::812386189199:role/hotel-reservations-dev-lambda-role",
            "runtime": "nodejs16.x",
            "s3_bucket": null,
            "s3_key": null,
            "s3_object_version": null,
            "signing_job_arn": "",
            "signing_profile_version_arn": "",
            "skip_destroy": false,
            "snap_start": [],
            "source_code_hash": "zHRgcof/jLAlxmsiJtKMHQIsNXmMkBTZc/bgEbPL6MA=",
            "source_code_size": 1601,
            "tags": {
              "Environment": "dev",
              "ManagedBy": "Terraform",
              "Project": "hotel-reservations"
            },
            "tags_all": {
              "Environment": "dev",
              "ManagedBy": "Terraform",
              "Project": "hotel-reservations"
            },
            "timeout": 10,
            "timeouts": null,
            "tracing_config": [
              {
                "mode": "PassThrough"
              }
            ],
            "version": "$LATEST",
            "vpc_config": []
          },
          "sensitive_attributes": [],
          "private": "eyJlMmJmYjczMC1lY2FhLTExZTYtOGY4OC0zNDM2M2JjN2M0YzAiOnsiY3JlYXRlIjo2MDAwMDAwMDAwMDAsImRlbGV0ZSI6NjAwMDAwMDAwMDAwLCJ1cGRhdGUiOjYwMDAwMDAwMDAwMH19",
          "dependencies": [
            "aws_dynamodb_table.reservations",
            "aws_iam_role.lambda_role",
            "data.archive_file.lambda_zip"
          ]
        }
      ]
    }
  ],
  "check_results": null
}
